
Microsoft Visual Studio Solution File, Format Version 12.00
Project("{FAE04EC0-301F-11D3-BF4B-00C04F79EFBC}") = "API", "API\API.csproj", "{57275B75-C914-43B8-83A6-80954913A81B}"
EndProject
Project("{FAE04EC0-301F-11D3-BF4B-00C04F79EFBC}") = "BLL", "BLL\BLL.csproj", "{06838EA5-4AA9-42C0-81F7-860931674DF6}"
EndProject
Project("{FAE04EC0-301F-11D3-BF4B-00C04F79EFBC}") = "Common", "Common\Common.csproj", "{5A12BD9E-525D-49C6-BCD9-2CBDB13FDEC9}"
EndProject
Project("{FAE04EC0-301F-11D3-BF4B-00C04F79EFBC}") = "DAL", "DAL\DAL.csproj", "{64E009D4-7942-49AB-AC4A-692971A3FC01}"
EndProject
Project("{FAE04EC0-301F-11D3-BF4B-00C04F79EFBC}") = "Domain", "Domain\Domain.csproj", "{B5C45E83-E1B0-489B-A0D3-4B3567669CB5}"
EndProject
Project("{FAE04EC0-301F-11D3-BF4B-00C04F79EFBC}") = "DTO", "DTO\DTO.csproj", "{63A3FE00-F55E-4278-9841-C6CFAA7421FE}"
EndProject
Project("{FAE04EC0-301F-11D3-BF4B-00C04F79EFBC}") = "Tests", "Tests\Tests.csproj", "{E3AA4B0D-8C9B-48CD-9011-D1464C86E25B}"
EndProject
Project("{FAE04EC0-301F-11D3-BF4B-00C04F79EFBC}") = "HangfireServer", "HangfireServer\HangfireServer.csproj", "{C9A4A208-8C94-4E35-8D94-217E2C68E2F9}"
EndProject
Global
	GlobalSection(SolutionConfigurationPlatforms) = preSolution
		Debug|Any CPU = Debug|Any CPU
		Release|Any CPU = Release|Any CPU
	EndGlobalSection
	GlobalSection(ProjectConfigurationPlatforms) = postSolution
		{57275B75-C914-43B8-83A6-80954913A81B}.Debug|Any CPU.ActiveCfg = Debug|Any CPU
		{57275B75-C914-43B8-83A6-80954913A81B}.Debug|Any CPU.Build.0 = Debug|Any CPU
		{57275B75-C914-43B8-83A6-80954913A81B}.Release|Any CPU.ActiveCfg = Release|Any CPU
		{57275B75-C914-43B8-83A6-80954913A81B}.Release|Any CPU.Build.0 = Release|Any CPU
		{06838EA5-4AA9-42C0-81F7-860931674DF6}.Debug|Any CPU.ActiveCfg = Debug|Any CPU
		{06838EA5-4AA9-42C0-81F7-860931674DF6}.Debug|Any CPU.Build.0 = Debug|Any CPU
		{06838EA5-4AA9-42C0-81F7-860931674DF6}.Release|Any CPU.ActiveCfg = Release|Any CPU
		{06838EA5-4AA9-42C0-81F7-860931674DF6}.Release|Any CPU.Build.0 = Release|Any CPU
		{5A12BD9E-525D-49C6-BCD9-2CBDB13FDEC9}.Debug|Any CPU.ActiveCfg = Debug|Any CPU
		{5A12BD9E-525D-49C6-BCD9-2CBDB13FDEC9}.Debug|Any CPU.Build.0 = Debug|Any CPU
		{5A12BD9E-525D-49C6-BCD9-2CBDB13FDEC9}.Release|Any CPU.ActiveCfg = Release|Any CPU
		{5A12BD9E-525D-49C6-BCD9-2CBDB13FDEC9}.Release|Any CPU.Build.0 = Release|Any CPU
		{64E009D4-7942-49AB-AC4A-692971A3FC01}.Debug|Any CPU.ActiveCfg = Debug|Any CPU
		{64E009D4-7942-49AB-AC4A-692971A3FC01}.Debug|Any CPU.Build.0 = Debug|Any CPU
		{64E009D4-7942-49AB-AC4A-692971A3FC01}.Release|Any CPU.ActiveCfg = Release|Any CPU
		{64E009D4-7942-49AB-AC4A-692971A3FC01}.Release|Any CPU.Build.0 = Release|Any CPU
		{B5C45E83-E1B0-489B-A0D3-4B3567669CB5}.Debug|Any CPU.ActiveCfg = Debug|Any CPU
		{B5C45E83-E1B0-489B-A0D3-4B3567669CB5}.Debug|Any CPU.Build.0 = Debug|Any CPU
		{B5C45E83-E1B0-489B-A0D3-4B3567669CB5}.Release|Any CPU.ActiveCfg = Release|Any CPU
		{B5C45E83-E1B0-489B-A0D3-4B3567669CB5}.Release|Any CPU.Build.0 = Release|Any CPU
		{63A3FE00-F55E-4278-9841-C6CFAA7421FE}.Debug|Any CPU.ActiveCfg = Debug|Any CPU
		{63A3FE00-F55E-4278-9841-C6CFAA7421FE}.Debug|Any CPU.Build.0 = Debug|Any CPU
		{63A3FE00-F55E-4278-9841-C6CFAA7421FE}.Release|Any CPU.ActiveCfg = Release|Any CPU
		{63A3FE00-F55E-4278-9841-C6CFAA7421FE}.Release|Any CPU.Build.0 = Release|Any CPU
		{E3AA4B0D-8C9B-48CD-9011-D1464C86E25B}.Debug|Any CPU.ActiveCfg = Debug|Any CPU
		{E3AA4B0D-8C9B-48CD-9011-D1464C86E25B}.Debug|Any CPU.Build.0 = Debug|Any CPU
		{E3AA4B0D-8C9B-48CD-9011-D1464C86E25B}.Release|Any CPU.ActiveCfg = Release|Any CPU
		{E3AA4B0D-8C9B-48CD-9011-D1464C86E25B}.Release|Any CPU.Build.0 = Release|Any CPU
		{C9A4A208-8C94-4E35-8D94-217E2C68E2F9}.Debug|Any CPU.ActiveCfg = Debug|Any CPU
		{C9A4A208-8C94-4E35-8D94-217E2C68E2F9}.Debug|Any CPU.Build.0 = Debug|Any CPU
		{C9A4A208-8C94-4E35-8D94-217E2C68E2F9}.Release|Any CPU.ActiveCfg = Release|Any CPU
		{C9A4A208-8C94-4E35-8D94-217E2C68E2F9}.Release|Any CPU.Build.0 = Release|Any CPU
	EndGlobalSection
	GlobalSection(NestedProjects) = preSolution
	EndGlobalSection
EndGlobal
